
Microsoft Visual Studio Solution File, Format Version 12.00
# Visual Studio 14
VisualStudioVersion = 14.0.25123.0
MinimumVisualStudioVersion = 10.0.40219.1
Project("{FAE04EC0-301F-11D3-BF4B-00C04F79EFBC}") = "CheckGameStatus", "CheckGameStatus\CheckGameStatus.csproj", "{E4DB0204-6B80-424F-948A-BD0151495FED}"
EndProject
Project("{FAE04EC0-301F-11D3-BF4B-00C04F79EFBC}") = "BackEnd", "BackEnd\BackEnd.csproj", "{6195DB53-5AD4-4C76-BB68-3C64CBF2E54D}"
EndProject
Global
	GlobalSection(SolutionConfigurationPlatforms) = preSolution
		Debug|Any CPU = Debug|Any CPU
		Release|Any CPU = Release|Any CPU
	EndGlobalSection
	GlobalSection(ProjectConfigurationPlatforms) = postSolution
		{E4DB0204-6B80-424F-948A-BD0151495FED}.Debug|Any CPU.ActiveCfg = Debug|Any CPU
		{E4DB0204-6B80-424F-948A-BD0151495FED}.Debug|Any CPU.Build.0 = Debug|Any CPU
		{E4DB0204-6B80-424F-948A-BD0151495FED}.Release|Any CPU.ActiveCfg = Release|Any CPU
		{E4DB0204-6B80-424F-948A-BD0151495FED}.Release|Any CPU.Build.0 = Release|Any CPU
		{6195DB53-5AD4-4C76-BB68-3C64CBF2E54D}.Debug|Any CPU.ActiveCfg = Debug|Any CPU
		{6195DB53-5AD4-4C76-BB68-3C64CBF2E54D}.Debug|Any CPU.Build.0 = Debug|Any CPU
		{6195DB53-5AD4-4C76-BB68-3C64CBF2E54D}.Release|Any CPU.ActiveCfg = Release|Any CPU
		{6195DB53-5AD4-4C76-BB68-3C64CBF2E54D}.Release|Any CPU.Build.0 = Release|Any CPU
	EndGlobalSection
	GlobalSection(SolutionProperties) = preSolution
		HideSolutionNode = FALSE
	EndGlobalSection
EndGlobal
